
Microsoft Visual Studio Solution File, Format Version 12.00
# Visual Studio Version 17
VisualStudioVersion = 17.1.32210.238
MinimumVisualStudioVersion = 10.0.40219.1
Project("{FAE04EC0-301F-11D3-BF4B-00C04F79EFBC}") = "eTickets", "eTickets.csproj", "{F9867768-FBF9-4665-AAA1-8A55AD07AAF9}"
EndProject
Global
	GlobalSection(SolutionConfigurationPlatforms) = preSolution
		Debug|Any CPU = Debug|Any CPU
		Release|Any CPU = Release|Any CPU
	EndGlobalSection
	GlobalSection(ProjectConfigurationPlatforms) = postSolution
		{F9867768-FBF9-4665-AAA1-8A55AD07AAF9}.Debug|Any CPU.ActiveCfg = Debug|Any CPU
		{F9867768-FBF9-4665-AAA1-8A55AD07AAF9}.Debug|Any CPU.Build.0 = Debug|Any CPU
		{F9867768-FBF9-4665-AAA1-8A55AD07AAF9}.Release|Any CPU.ActiveCfg = Release|Any CPU
		{F9867768-FBF9-4665-AAA1-8A55AD07AAF9}.Release|Any CPU.Build.0 = Release|Any CPU
	EndGlobalSection
	GlobalSection(SolutionProperties) = preSolution
		HideSolutionNode = FALSE
	EndGlobalSection
	GlobalSection(ExtensibilityGlobals) = postSolution
		SolutionGuid = {39C5FFBB-173B-4882-B6FF-BCC2E4D264FE}
	EndGlobalSection
EndGlobal
